
Microsoft Visual Studio Solution File, Format Version 12.00
# Visual Studio 15
VisualStudioVersion = 15.0.26124.0
MinimumVisualStudioVersion = 15.0.26124.0
Project("{FAE04EC0-301F-11D3-BF4B-00C04F79EFBC}") = "MarthaPadilhaLeiloes", "backend\MarthaPadilhaLeiloes.csproj", "{0B1615DA-135C-4140-80DD-02FEDDE942C4}"
EndProject
Project("{FAE04EC0-301F-11D3-BF4B-00C04F79EFBC}") = "domain", "domain\domain.csproj", "{0171280D-BFDA-4920-B0F4-2DCC1E1C5369}"
EndProject
Project("{FAE04EC0-301F-11D3-BF4B-00C04F79EFBC}") = "repository", "repository\repository.csproj", "{57AA43A1-A947-41B3-83F7-E0AD2C9DDAF2}"
EndProject
Global
	GlobalSection(SolutionConfigurationPlatforms) = preSolution
		Debug|Any CPU = Debug|Any CPU
		Debug|x64 = Debug|x64
		Debug|x86 = Debug|x86
		Release|Any CPU = Release|Any CPU
		Release|x64 = Release|x64
		Release|x86 = Release|x86
	EndGlobalSection
	GlobalSection(SolutionProperties) = preSolution
		HideSolutionNode = FALSE
	EndGlobalSection
	GlobalSection(ProjectConfigurationPlatforms) = postSolution
		{0B1615DA-135C-4140-80DD-02FEDDE942C4}.Debug|Any CPU.ActiveCfg = Debug|Any CPU
		{0B1615DA-135C-4140-80DD-02FEDDE942C4}.Debug|Any CPU.Build.0 = Debug|Any CPU
		{0B1615DA-135C-4140-80DD-02FEDDE942C4}.Debug|x64.ActiveCfg = Debug|Any CPU
		{0B1615DA-135C-4140-80DD-02FEDDE942C4}.Debug|x64.Build.0 = Debug|Any CPU
		{0B1615DA-135C-4140-80DD-02FEDDE942C4}.Debug|x86.ActiveCfg = Debug|Any CPU
		{0B1615DA-135C-4140-80DD-02FEDDE942C4}.Debug|x86.Build.0 = Debug|Any CPU
		{0B1615DA-135C-4140-80DD-02FEDDE942C4}.Release|Any CPU.ActiveCfg = Release|Any CPU
		{0B1615DA-135C-4140-80DD-02FEDDE942C4}.Release|Any CPU.Build.0 = Release|Any CPU
		{0B1615DA-135C-4140-80DD-02FEDDE942C4}.Release|x64.ActiveCfg = Release|Any CPU
		{0B1615DA-135C-4140-80DD-02FEDDE942C4}.Release|x64.Build.0 = Release|Any CPU
		{0B1615DA-135C-4140-80DD-02FEDDE942C4}.Release|x86.ActiveCfg = Release|Any CPU
		{0B1615DA-135C-4140-80DD-02FEDDE942C4}.Release|x86.Build.0 = Release|Any CPU
		{0171280D-BFDA-4920-B0F4-2DCC1E1C5369}.Debug|Any CPU.ActiveCfg = Debug|Any CPU
		{0171280D-BFDA-4920-B0F4-2DCC1E1C5369}.Debug|Any CPU.Build.0 = Debug|Any CPU
		{0171280D-BFDA-4920-B0F4-2DCC1E1C5369}.Debug|x64.ActiveCfg = Debug|Any CPU
		{0171280D-BFDA-4920-B0F4-2DCC1E1C5369}.Debug|x64.Build.0 = Debug|Any CPU
		{0171280D-BFDA-4920-B0F4-2DCC1E1C5369}.Debug|x86.ActiveCfg = Debug|Any CPU
		{0171280D-BFDA-4920-B0F4-2DCC1E1C5369}.Debug|x86.Build.0 = Debug|Any CPU
		{0171280D-BFDA-4920-B0F4-2DCC1E1C5369}.Release|Any CPU.ActiveCfg = Release|Any CPU
		{0171280D-BFDA-4920-B0F4-2DCC1E1C5369}.Release|Any CPU.Build.0 = Release|Any CPU
		{0171280D-BFDA-4920-B0F4-2DCC1E1C5369}.Release|x64.ActiveCfg = Release|Any CPU
		{0171280D-BFDA-4920-B0F4-2DCC1E1C5369}.Release|x64.Build.0 = Release|Any CPU
		{0171280D-BFDA-4920-B0F4-2DCC1E1C5369}.Release|x86.ActiveCfg = Release|Any CPU
		{0171280D-BFDA-4920-B0F4-2DCC1E1C5369}.Release|x86.Build.0 = Release|Any CPU
		{57AA43A1-A947-41B3-83F7-E0AD2C9DDAF2}.Debug|Any CPU.ActiveCfg = Debug|Any CPU
		{57AA43A1-A947-41B3-83F7-E0AD2C9DDAF2}.Debug|Any CPU.Build.0 = Debug|Any CPU
		{57AA43A1-A947-41B3-83F7-E0AD2C9DDAF2}.Debug|x64.ActiveCfg = Debug|Any CPU
		{57AA43A1-A947-41B3-83F7-E0AD2C9DDAF2}.Debug|x64.Build.0 = Debug|Any CPU
		{57AA43A1-A947-41B3-83F7-E0AD2C9DDAF2}.Debug|x86.ActiveCfg = Debug|Any CPU
		{57AA43A1-A947-41B3-83F7-E0AD2C9DDAF2}.Debug|x86.Build.0 = Debug|Any CPU
		{57AA43A1-A947-41B3-83F7-E0AD2C9DDAF2}.Release|Any CPU.ActiveCfg = Release|Any CPU
		{57AA43A1-A947-41B3-83F7-E0AD2C9DDAF2}.Release|Any CPU.Build.0 = Release|Any CPU
		{57AA43A1-A947-41B3-83F7-E0AD2C9DDAF2}.Release|x64.ActiveCfg = Release|Any CPU
		{57AA43A1-A947-41B3-83F7-E0AD2C9DDAF2}.Release|x64.Build.0 = Release|Any CPU
		{57AA43A1-A947-41B3-83F7-E0AD2C9DDAF2}.Release|x86.ActiveCfg = Release|Any CPU
		{57AA43A1-A947-41B3-83F7-E0AD2C9DDAF2}.Release|x86.Build.0 = Release|Any CPU
	EndGlobalSection
EndGlobal
